
Microsoft Visual Studio Solution File, Format Version 12.00
# Visual Studio 14
VisualStudioVersion = 14.0.25420.1
MinimumVisualStudioVersion = 10.0.40219.1
Project("{2150E333-8FDC-42A3-9474-1A3956D46DE8}") = "src", "src", "{B74BDA14-1F3F-4852-86FF-2A6D3231A7DF}"
EndProject
Project("{2150E333-8FDC-42A3-9474-1A3956D46DE8}") = "Solution Items", "Solution Items", "{5351B5B6-E597-4E0A-9148-1CF86E7F5262}"
	ProjectSection(SolutionItems) = preProject
		global.json = global.json
	EndProjectSection
EndProject
Project("{8BB2217D-0F2D-49D1-97BC-3654ED321F3B}") = "Aristotle", "src\Aristotle\Aristotle.xproj", "{D8F0E65F-20E6-4FE3-91FB-5DBE71D653E1}"
EndProject
Global
	GlobalSection(SolutionConfigurationPlatforms) = preSolution
		Debug|Any CPU = Debug|Any CPU
		Release|Any CPU = Release|Any CPU
	EndGlobalSection
	GlobalSection(ProjectConfigurationPlatforms) = postSolution
		{D8F0E65F-20E6-4FE3-91FB-5DBE71D653E1}.Debug|Any CPU.ActiveCfg = Debug|Any CPU
		{D8F0E65F-20E6-4FE3-91FB-5DBE71D653E1}.Debug|Any CPU.Build.0 = Debug|Any CPU
		{D8F0E65F-20E6-4FE3-91FB-5DBE71D653E1}.Release|Any CPU.ActiveCfg = Release|Any CPU
		{D8F0E65F-20E6-4FE3-91FB-5DBE71D653E1}.Release|Any CPU.Build.0 = Release|Any CPU
	EndGlobalSection
	GlobalSection(SolutionProperties) = preSolution
		HideSolutionNode = FALSE
	EndGlobalSection
	GlobalSection(NestedProjects) = preSolution
		{D8F0E65F-20E6-4FE3-91FB-5DBE71D653E1} = {B74BDA14-1F3F-4852-86FF-2A6D3231A7DF}
	EndGlobalSection
EndGlobal
